{
  "name": "courseapp",
  "requires": true,
  "lockfileVersion": 1,
  "dependencies": {
    "expanding-textareas": {
      "version": "1.0.2",
      "resolved": "https://registry.npmjs.org/expanding-textareas/-/expanding-textareas-1.0.2.tgz",
      "integrity": "sha1-JZVrydUC50fTe6vgSuj0g+4/u8M="
    },
    "readmore-js": {
      "version": "2.1.0",
      "resolved": "https://registry.npmjs.org/readmore-js/-/readmore-js-2.1.0.tgz",
      "integrity": "sha1-DPM8/G8fBq8qWOjk/EcE24x3+1c=",
      "requires": {
        "jquery": "2.1.4"
      },
      "dependencies": {
        "jquery": {
          "version": "2.1.4",
          "resolved": "https://registry.npmjs.org/jquery/-/jquery-2.1.4.tgz",
          "integrity": "sha1-IoveaYoMYUMdwmMKahVPFYkNIxc="
        }
      }
    }
  }
}
